
Microsoft Visual Studio Solution File, Format Version 12.00
# Visual Studio Version 16
VisualStudioVersion = 16.0.29102.190
MinimumVisualStudioVersion = 10.0.40219.1
Project("{FAE04EC0-301F-11D3-BF4B-00C04F79EFBC}") = "PyRunner", "PyRunner\PyRunner.csproj", "{7BB63C7A-53E6-4D37-8FA9-F9D95AFB7A69}"
EndProject
Project("{9A19103F-16F7-4668-BE54-9A1E7A4F7556}") = "DefinedRisk.PyRunnerX", "DefinedRisk.PyRunnerX\DefinedRisk.PyRunnerX.csproj", "{16353260-F906-4167-ABBD-DB69932BC0EA}"
EndProject
Project("{2150E333-8FDC-42A3-9474-1A3956D46DE8}") = "Solution Items", "Solution Items", "{82BDAD2F-5D05-42F8-84C5-8E677B900355}"
	ProjectSection(SolutionItems) = preProject
		README.md = README.md
	EndProjectSection
EndProject
Global
	GlobalSection(SolutionConfigurationPlatforms) = preSolution
		Debug|x64 = Debug|x64
		Release|x64 = Release|x64
	EndGlobalSection
	GlobalSection(ProjectConfigurationPlatforms) = postSolution
		{7BB63C7A-53E6-4D37-8FA9-F9D95AFB7A69}.Debug|x64.ActiveCfg = Debug|x64
		{7BB63C7A-53E6-4D37-8FA9-F9D95AFB7A69}.Release|x64.ActiveCfg = Release|x64
		{16353260-F906-4167-ABBD-DB69932BC0EA}.Debug|x64.ActiveCfg = Debug|x64
		{16353260-F906-4167-ABBD-DB69932BC0EA}.Debug|x64.Build.0 = Debug|x64
		{16353260-F906-4167-ABBD-DB69932BC0EA}.Release|x64.ActiveCfg = Release|x64
		{16353260-F906-4167-ABBD-DB69932BC0EA}.Release|x64.Build.0 = Release|x64
	EndGlobalSection
	GlobalSection(SolutionProperties) = preSolution
		HideSolutionNode = FALSE
	EndGlobalSection
	GlobalSection(ExtensibilityGlobals) = postSolution
		SolutionGuid = {58A662FC-A9FF-4AA7-B3A8-B54CB63C48B6}
	EndGlobalSection
EndGlobal
